
Microsoft Visual Studio Solution File, Format Version 11.00
# Visual C# Express 2010
Project("{FAE04EC0-301F-11D3-BF4B-00C04F79EFBC}") = "AI_Task3", "AI_Task3\AI_Task3.csproj", "{21E5FCA2-6EFC-4CFC-980B-C4ECED4CF474}"
EndProject
Global
	GlobalSection(SolutionConfigurationPlatforms) = preSolution
		Debug|x86 = Debug|x86
		Release|x86 = Release|x86
	EndGlobalSection
	GlobalSection(ProjectConfigurationPlatforms) = postSolution
		{21E5FCA2-6EFC-4CFC-980B-C4ECED4CF474}.Debug|x86.ActiveCfg = Debug|x86
		{21E5FCA2-6EFC-4CFC-980B-C4ECED4CF474}.Debug|x86.Build.0 = Debug|x86
		{21E5FCA2-6EFC-4CFC-980B-C4ECED4CF474}.Release|x86.ActiveCfg = Release|x86
		{21E5FCA2-6EFC-4CFC-980B-C4ECED4CF474}.Release|x86.Build.0 = Release|x86
	EndGlobalSection
	GlobalSection(SolutionProperties) = preSolution
		HideSolutionNode = FALSE
	EndGlobalSection
EndGlobal
